
Microsoft Visual Studio Solution File, Format Version 12.00
# Visual Studio 14
VisualStudioVersion = 14.0.24720.0
MinimumVisualStudioVersion = 10.0.40219.1
Project("{8BC9CEB8-8B4A-11D0-8D11-00A0C91BC942}") = "theora", "theora.vcxproj", "{43DB64DF-CB94-46B2-8C6C-737F288634A0}"
EndProject
Project("{8BC9CEB8-8B4A-11D0-8D11-00A0C91BC942}") = "theoradec", "theoradec.vcxproj", "{9F3A579B-1C7F-42AF-9B50-9B6B01A5D879}"
	ProjectSection(ProjectDependencies) = postProject
		{43DB64DF-CB94-46B2-8C6C-737F288634A0} = {43DB64DF-CB94-46B2-8C6C-737F288634A0}
	EndProjectSection
EndProject
Project("{8BC9CEB8-8B4A-11D0-8D11-00A0C91BC942}") = "theoraenc", "theoraenc.vcxproj", "{81286FA7-F1F7-4E9A-A25E-B146F632E691}"
	ProjectSection(ProjectDependencies) = postProject
		{9F3A579B-1C7F-42AF-9B50-9B6B01A5D879} = {9F3A579B-1C7F-42AF-9B50-9B6B01A5D879}
	EndProjectSection
EndProject
Global
	GlobalSection(SolutionConfigurationPlatforms) = preSolution
		Debug|Win32 = Debug|Win32
		Debug|x64 = Debug|x64
		DebugDLL|Win32 = DebugDLL|Win32
		DebugDLL|x64 = DebugDLL|x64
		Release|Win32 = Release|Win32
		Release|x64 = Release|x64
		ReleaseDLL|Win32 = ReleaseDLL|Win32
		ReleaseDLL|x64 = ReleaseDLL|x64
	EndGlobalSection
	GlobalSection(ProjectConfigurationPlatforms) = postSolution
		{43DB64DF-CB94-46B2-8C6C-737F288634A0}.Debug|Win32.ActiveCfg = Debug|Win32
		{43DB64DF-CB94-46B2-8C6C-737F288634A0}.Debug|Win32.Build.0 = Debug|Win32
		{43DB64DF-CB94-46B2-8C6C-737F288634A0}.Debug|x64.ActiveCfg = Debug|x64
		{43DB64DF-CB94-46B2-8C6C-737F288634A0}.Debug|x64.Build.0 = Debug|x64
		{43DB64DF-CB94-46B2-8C6C-737F288634A0}.DebugDLL|Win32.ActiveCfg = DebugDLL|Win32
		{43DB64DF-CB94-46B2-8C6C-737F288634A0}.DebugDLL|Win32.Build.0 = DebugDLL|Win32
		{43DB64DF-CB94-46B2-8C6C-737F288634A0}.DebugDLL|x64.ActiveCfg = DebugDLL|x64
		{43DB64DF-CB94-46B2-8C6C-737F288634A0}.DebugDLL|x64.Build.0 = DebugDLL|x64
		{43DB64DF-CB94-46B2-8C6C-737F288634A0}.Release|Win32.ActiveCfg = Release|Win32
		{43DB64DF-CB94-46B2-8C6C-737F288634A0}.Release|Win32.Build.0 = Release|Win32
		{43DB64DF-CB94-46B2-8C6C-737F288634A0}.Release|x64.ActiveCfg = Release|x64
		{43DB64DF-CB94-46B2-8C6C-737F288634A0}.Release|x64.Build.0 = Release|x64
		{43DB64DF-CB94-46B2-8C6C-737F288634A0}.ReleaseDLL|Win32.ActiveCfg = ReleaseDLL|Win32
		{43DB64DF-CB94-46B2-8C6C-737F288634A0}.ReleaseDLL|Win32.Build.0 = ReleaseDLL|Win32
		{43DB64DF-CB94-46B2-8C6C-737F288634A0}.ReleaseDLL|x64.ActiveCfg = ReleaseDLL|x64
		{43DB64DF-CB94-46B2-8C6C-737F288634A0}.ReleaseDLL|x64.Build.0 = ReleaseDLL|x64
		{9F3A579B-1C7F-42AF-9B50-9B6B01A5D879}.Debug|Win32.ActiveCfg = Debug|Win32
		{9F3A579B-1C7F-42AF-9B50-9B6B01A5D879}.Debug|Win32.Build.0 = Debug|Win32
		{9F3A579B-1C7F-42AF-9B50-9B6B01A5D879}.Debug|x64.ActiveCfg = Debug|x64
		{9F3A579B-1C7F-42AF-9B50-9B6B01A5D879}.Debug|x64.Build.0 = Debug|x64
		{9F3A579B-1C7F-42AF-9B50-9B6B01A5D879}.DebugDLL|Win32.ActiveCfg = DebugDLL|Win32
		{9F3A579B-1C7F-42AF-9B50-9B6B01A5D879}.DebugDLL|Win32.Build.0 = DebugDLL|Win32
		{9F3A579B-1C7F-42AF-9B50-9B6B01A5D879}.DebugDLL|x64.ActiveCfg = DebugDLL|x64
		{9F3A579B-1C7F-42AF-9B50-9B6B01A5D879}.DebugDLL|x64.Build.0 = DebugDLL|x64
		{9F3A579B-1C7F-42AF-9B50-9B6B01A5D879}.Release|Win32.ActiveCfg = Release|Win32
		{9F3A579B-1C7F-42AF-9B50-9B6B01A5D879}.Release|Win32.Build.0 = Release|Win32
		{9F3A579B-1C7F-42AF-9B50-9B6B01A5D879}.Release|x64.ActiveCfg = Release|x64
		{9F3A579B-1C7F-42AF-9B50-9B6B01A5D879}.Release|x64.Build.0 = Release|x64
		{9F3A579B-1C7F-42AF-9B50-9B6B01A5D879}.ReleaseDLL|Win32.ActiveCfg = ReleaseDLL|Win32
		{9F3A579B-1C7F-42AF-9B50-9B6B01A5D879}.ReleaseDLL|Win32.Build.0 = ReleaseDLL|Win32
		{9F3A579B-1C7F-42AF-9B50-9B6B01A5D879}.ReleaseDLL|x64.ActiveCfg = ReleaseDLL|x64
		{9F3A579B-1C7F-42AF-9B50-9B6B01A5D879}.ReleaseDLL|x64.Build.0 = ReleaseDLL|x64
		{81286FA7-F1F7-4E9A-A25E-B146F632E691}.Debug|Win32.ActiveCfg = Debug|Win32
		{81286FA7-F1F7-4E9A-A25E-B146F632E691}.Debug|Win32.Build.0 = Debug|Win32
		{81286FA7-F1F7-4E9A-A25E-B146F632E691}.Debug|x64.ActiveCfg = Debug|x64
		{81286FA7-F1F7-4E9A-A25E-B146F632E691}.Debug|x64.Build.0 = Debug|x64
		{81286FA7-F1F7-4E9A-A25E-B146F632E691}.DebugDLL|Win32.ActiveCfg = DebugDLL|Win32
		{81286FA7-F1F7-4E9A-A25E-B146F632E691}.DebugDLL|Win32.Build.0 = DebugDLL|Win32
		{81286FA7-F1F7-4E9A-A25E-B146F632E691}.DebugDLL|x64.ActiveCfg = DebugDLL|x64
		{81286FA7-F1F7-4E9A-A25E-B146F632E691}.DebugDLL|x64.Build.0 = DebugDLL|x64
		{81286FA7-F1F7-4E9A-A25E-B146F632E691}.Release|Win32.ActiveCfg = Release|Win32
		{81286FA7-F1F7-4E9A-A25E-B146F632E691}.Release|Win32.Build.0 = Release|Win32
		{81286FA7-F1F7-4E9A-A25E-B146F632E691}.Release|x64.ActiveCfg = Release|x64
		{81286FA7-F1F7-4E9A-A25E-B146F632E691}.Release|x64.Build.0 = Release|x64
		{81286FA7-F1F7-4E9A-A25E-B146F632E691}.ReleaseDLL|Win32.ActiveCfg = ReleaseDLL|Win32
		{81286FA7-F1F7-4E9A-A25E-B146F632E691}.ReleaseDLL|Win32.Build.0 = ReleaseDLL|Win32
		{81286FA7-F1F7-4E9A-A25E-B146F632E691}.ReleaseDLL|x64.ActiveCfg = ReleaseDLL|x64
		{81286FA7-F1F7-4E9A-A25E-B146F632E691}.ReleaseDLL|x64.Build.0 = ReleaseDLL|x64
	EndGlobalSection
	GlobalSection(SolutionProperties) = preSolution
		HideSolutionNode = FALSE
	EndGlobalSection
EndGlobal
